
Microsoft Visual Studio Solution File, Format Version 12.00
# Visual Studio 15
VisualStudioVersion = 15.0.28107.0
MinimumVisualStudioVersion = 10.0.40219.1
Project("{FAE04EC0-301F-11D3-BF4B-00C04F79EFBC}") = "ShoppingCar.Backend", "ShoppingCar.Backend\ShoppingCar.Backend.csproj", "{4769B651-442F-4C67-B40E-22DF646735B3}"
EndProject
Project("{FAE04EC0-301F-11D3-BF4B-00C04F79EFBC}") = "ShoppingCar.API", "ShoppingCar.API\ShoppingCar.API.csproj", "{5F944CE2-7B24-4693-876B-6A0E8B618520}"
EndProject
Project("{FAE04EC0-301F-11D3-BF4B-00C04F79EFBC}") = "ShoppingCar.Domain", "ShoppingCar.Domain\ShoppingCar.Domain.csproj", "{20680431-F705-4746-87CF-DDBB2919F7F4}"
EndProject
Global
	GlobalSection(SolutionConfigurationPlatforms) = preSolution
		Debug|Any CPU = Debug|Any CPU
		Release|Any CPU = Release|Any CPU
	EndGlobalSection
	GlobalSection(ProjectConfigurationPlatforms) = postSolution
		{4769B651-442F-4C67-B40E-22DF646735B3}.Debug|Any CPU.ActiveCfg = Debug|Any CPU
		{4769B651-442F-4C67-B40E-22DF646735B3}.Debug|Any CPU.Build.0 = Debug|Any CPU
		{4769B651-442F-4C67-B40E-22DF646735B3}.Release|Any CPU.ActiveCfg = Release|Any CPU
		{4769B651-442F-4C67-B40E-22DF646735B3}.Release|Any CPU.Build.0 = Release|Any CPU
		{5F944CE2-7B24-4693-876B-6A0E8B618520}.Debug|Any CPU.ActiveCfg = Debug|Any CPU
		{5F944CE2-7B24-4693-876B-6A0E8B618520}.Debug|Any CPU.Build.0 = Debug|Any CPU
		{5F944CE2-7B24-4693-876B-6A0E8B618520}.Release|Any CPU.ActiveCfg = Release|Any CPU
		{5F944CE2-7B24-4693-876B-6A0E8B618520}.Release|Any CPU.Build.0 = Release|Any CPU
		{20680431-F705-4746-87CF-DDBB2919F7F4}.Debug|Any CPU.ActiveCfg = Debug|Any CPU
		{20680431-F705-4746-87CF-DDBB2919F7F4}.Debug|Any CPU.Build.0 = Debug|Any CPU
		{20680431-F705-4746-87CF-DDBB2919F7F4}.Release|Any CPU.ActiveCfg = Release|Any CPU
		{20680431-F705-4746-87CF-DDBB2919F7F4}.Release|Any CPU.Build.0 = Release|Any CPU
	EndGlobalSection
	GlobalSection(SolutionProperties) = preSolution
		HideSolutionNode = FALSE
	EndGlobalSection
	GlobalSection(ExtensibilityGlobals) = postSolution
		SolutionGuid = {8253F348-CA32-4765-AFCA-9CC62880DBB5}
	EndGlobalSection
EndGlobal
